github.com/gofrs/uuid v4.3.0+incompatible h1:CaSVZxm5B+7o45rtab4jC2G37WGYX1zQfuU2i6DSvnc=
github.com/gofrs/uuid v4.3.0+incompatible/go.mod h1:b2aQJv3Z4Fp6yNu3cdSllBxTCLRxnplIgP/c0N/04lM=
github.com/sagernet/sing v0.0.0-20220921101604-86d7d510231f h1:GX416thAwyc0vHBOal/qplvdhFgYO2dHD5GqADCJ0Ig=
github.com/sagernet/sing v0.0.0-20220921101604-86d7d510231f/go.mod h1:x3NHUeJBQwV75L51zwmLKQdLtRvR+M4PmXkfQtU1vIY=
golang.org/x/crypto v0.0.0-20220919173607-35f4265a4bc0 h1:a5Yg6ylndHHYJqIPrdq0AhvR6KTvDTAvgBtaidhEevY=
golang.org/x/crypto v0.0.0-20220919173607-35f4265a4bc0/go.mod h1:IxCIyHEi3zRg3s0A5j5BB6A9Jmi73HwBIUl50j+osU4=
golang.org/x/sys v0.0.0-20220913120320-3275c407cedc h1:dpclq5m2YrqPGStKmtw7IcNbKLfbIqKXvNxDJKdIKYc=
golang.org/x/sys v0.0.0-20220913120320-3275c407cedc/go.mod h1:oPkhp1MJrh7nUepCBck5+mAzfO9JrbApNNgaTdGDITg=
